<?xml version="1.0" encoding="UTF-8"?>
<CodeBlocks_project_file>
	<FileVersion major="1" minor="6"/>
	<Project>
		<Option title="nemea_supervisor"/>
		<Option makefile_is_custom="1"/>
		<Option compiler="gcc"/>
		<Option virtualFolders="CMake Files\;CMake Files\src\;CMake Files\test\;"/>
		<Build>
			<Target title="all">
				<Option working_dir="/home/jelen/Desktop/nemea-supervisor"/>
				<Option type="4"/>
				<MakeCommands>
					<Build command="/bin/gmake -j2 -f &quot;/home/jelen/Desktop/nemea-supervisor/Makefile&quot;  VERBOSE=1 all"/>
					<CompileFile command="/bin/gmake -j2 -f &quot;/home/jelen/Desktop/nemea-supervisor/Makefile&quot;  VERBOSE=1 &quot;$file&quot;"/>
					<Clean command="/bin/gmake -j2 -f &quot;/home/jelen/Desktop/nemea-supervisor/Makefile&quot;  VERBOSE=1 clean"/>
					<DistClean command="/bin/gmake -j2 -f &quot;/home/jelen/Desktop/nemea-supervisor/Makefile&quot;  VERBOSE=1 clean"/>
				</MakeCommands>
			</Target>
			<Target title="rebuild_cache">
				<Option working_dir="/home/jelen/Desktop/nemea-supervisor"/>
				<Option type="4"/>
				<MakeCommands>
					<Build command="/bin/gmake -j2 -f &quot;/home/jelen/Desktop/nemea-supervisor/Makefile&quot;  VERBOSE=1 rebuild_cache"/>
					<CompileFile command="/bin/gmake -j2 -f &quot;/home/jelen/Desktop/nemea-supervisor/Makefile&quot;  VERBOSE=1 &quot;$file&quot;"/>
					<Clean command="/bin/gmake -j2 -f &quot;/home/jelen/Desktop/nemea-supervisor/Makefile&quot;  VERBOSE=1 clean"/>
					<DistClean command="/bin/gmake -j2 -f &quot;/home/jelen/Desktop/nemea-supervisor/Makefile&quot;  VERBOSE=1 clean"/>
				</MakeCommands>
			</Target>
			<Target title="edit_cache">
				<Option working_dir="/home/jelen/Desktop/nemea-supervisor"/>
				<Option type="4"/>
				<MakeCommands>
					<Build command="/bin/gmake -j2 -f &quot;/home/jelen/Desktop/nemea-supervisor/Makefile&quot;  VERBOSE=1 edit_cache"/>
					<CompileFile command="/bin/gmake -j2 -f &quot;/home/jelen/Desktop/nemea-supervisor/Makefile&quot;  VERBOSE=1 &quot;$file&quot;"/>
					<Clean command="/bin/gmake -j2 -f &quot;/home/jelen/Desktop/nemea-supervisor/Makefile&quot;  VERBOSE=1 clean"/>
					<DistClean command="/bin/gmake -j2 -f &quot;/home/jelen/Desktop/nemea-supervisor/Makefile&quot;  VERBOSE=1 clean"/>
				</MakeCommands>
			</Target>
			<Target title="nemea-supervisor">
				<Option output="/home/jelen/Desktop/nemea-supervisor/src/nemea-supervisor" prefix_auto="0" extension_auto="0"/>
				<Option working_dir="/home/jelen/Desktop/nemea-supervisor/src"/>
				<Option object_output="./"/>
				<Option type="1"/>
				<Option compiler="gcc"/>
				<Compiler>
					<Add directory="/home/jelen/Desktop/nemea-supervisor/src/.."/>
					<Add directory="/usr/lib/gcc/x86_64-redhat-linux/7/../../../../include/c++/7"/>
					<Add directory="/usr/lib/gcc/x86_64-redhat-linux/7/../../../../include/c++/7/x86_64-redhat-linux"/>
					<Add directory="/usr/lib/gcc/x86_64-redhat-linux/7/../../../../include/c++/7/backward"/>
					<Add directory="/usr/lib/gcc/x86_64-redhat-linux/7/include"/>
					<Add directory="/usr/local/include"/>
					<Add directory="/usr/include"/>
				</Compiler>
				<MakeCommands>
					<Build command="/bin/gmake -j2 -f &quot;/home/jelen/Desktop/nemea-supervisor/src/Makefile&quot;  VERBOSE=1 nemea-supervisor"/>
					<CompileFile command="/bin/gmake -j2 -f &quot;/home/jelen/Desktop/nemea-supervisor/src/Makefile&quot;  VERBOSE=1 &quot;$file&quot;"/>
					<Clean command="/bin/gmake -j2 -f &quot;/home/jelen/Desktop/nemea-supervisor/src/Makefile&quot;  VERBOSE=1 clean"/>
					<DistClean command="/bin/gmake -j2 -f &quot;/home/jelen/Desktop/nemea-supervisor/src/Makefile&quot;  VERBOSE=1 clean"/>
				</MakeCommands>
			</Target>
			<Target title="nemea-supervisor/fast">
				<Option output="/home/jelen/Desktop/nemea-supervisor/src/nemea-supervisor" prefix_auto="0" extension_auto="0"/>
				<Option working_dir="/home/jelen/Desktop/nemea-supervisor/src"/>
				<Option object_output="./"/>
				<Option type="1"/>
				<Option compiler="gcc"/>
				<Compiler>
					<Add directory="/home/jelen/Desktop/nemea-supervisor/src/.."/>
					<Add directory="/usr/lib/gcc/x86_64-redhat-linux/7/../../../../include/c++/7"/>
					<Add directory="/usr/lib/gcc/x86_64-redhat-linux/7/../../../../include/c++/7/x86_64-redhat-linux"/>
					<Add directory="/usr/lib/gcc/x86_64-redhat-linux/7/../../../../include/c++/7/backward"/>
					<Add directory="/usr/lib/gcc/x86_64-redhat-linux/7/include"/>
					<Add directory="/usr/local/include"/>
					<Add directory="/usr/include"/>
				</Compiler>
				<MakeCommands>
					<Build command="/bin/gmake -j2 -f &quot;/home/jelen/Desktop/nemea-supervisor/src/Makefile&quot;  VERBOSE=1 nemea-supervisor/fast"/>
					<CompileFile command="/bin/gmake -j2 -f &quot;/home/jelen/Desktop/nemea-supervisor/src/Makefile&quot;  VERBOSE=1 &quot;$file&quot;"/>
					<Clean command="/bin/gmake -j2 -f &quot;/home/jelen/Desktop/nemea-supervisor/src/Makefile&quot;  VERBOSE=1 clean"/>
					<DistClean command="/bin/gmake -j2 -f &quot;/home/jelen/Desktop/nemea-supervisor/src/Makefile&quot;  VERBOSE=1 clean"/>
				</MakeCommands>
			</Target>
			<Target title="stats_tests">
				<Option output="/home/jelen/Desktop/nemea-supervisor/test/stats_tests" prefix_auto="0" extension_auto="0"/>
				<Option working_dir="/home/jelen/Desktop/nemea-supervisor/test"/>
				<Option object_output="./"/>
				<Option type="1"/>
				<Option compiler="gcc"/>
				<Compiler>
					<Add directory="/home/jelen/Desktop/nemea-supervisor/test/.."/>
					<Add directory="/usr/lib/gcc/x86_64-redhat-linux/7/../../../../include/c++/7"/>
					<Add directory="/usr/lib/gcc/x86_64-redhat-linux/7/../../../../include/c++/7/x86_64-redhat-linux"/>
					<Add directory="/usr/lib/gcc/x86_64-redhat-linux/7/../../../../include/c++/7/backward"/>
					<Add directory="/usr/lib/gcc/x86_64-redhat-linux/7/include"/>
					<Add directory="/usr/local/include"/>
					<Add directory="/usr/include"/>
				</Compiler>
				<MakeCommands>
					<Build command="/bin/gmake -j2 -f &quot;/home/jelen/Desktop/nemea-supervisor/test/Makefile&quot;  VERBOSE=1 stats_tests"/>
					<CompileFile command="/bin/gmake -j2 -f &quot;/home/jelen/Desktop/nemea-supervisor/test/Makefile&quot;  VERBOSE=1 &quot;$file&quot;"/>
					<Clean command="/bin/gmake -j2 -f &quot;/home/jelen/Desktop/nemea-supervisor/test/Makefile&quot;  VERBOSE=1 clean"/>
					<DistClean command="/bin/gmake -j2 -f &quot;/home/jelen/Desktop/nemea-supervisor/test/Makefile&quot;  VERBOSE=1 clean"/>
				</MakeCommands>
			</Target>
			<Target title="stats_tests/fast">
				<Option output="/home/jelen/Desktop/nemea-supervisor/test/stats_tests" prefix_auto="0" extension_auto="0"/>
				<Option working_dir="/home/jelen/Desktop/nemea-supervisor/test"/>
				<Option object_output="./"/>
				<Option type="1"/>
				<Option compiler="gcc"/>
				<Compiler>
					<Add directory="/home/jelen/Desktop/nemea-supervisor/test/.."/>
					<Add directory="/usr/lib/gcc/x86_64-redhat-linux/7/../../../../include/c++/7"/>
					<Add directory="/usr/lib/gcc/x86_64-redhat-linux/7/../../../../include/c++/7/x86_64-redhat-linux"/>
					<Add directory="/usr/lib/gcc/x86_64-redhat-linux/7/../../../../include/c++/7/backward"/>
					<Add directory="/usr/lib/gcc/x86_64-redhat-linux/7/include"/>
					<Add directory="/usr/local/include"/>
					<Add directory="/usr/include"/>
				</Compiler>
				<MakeCommands>
					<Build command="/bin/gmake -j2 -f &quot;/home/jelen/Desktop/nemea-supervisor/test/Makefile&quot;  VERBOSE=1 stats_tests/fast"/>
					<CompileFile command="/bin/gmake -j2 -f &quot;/home/jelen/Desktop/nemea-supervisor/test/Makefile&quot;  VERBOSE=1 &quot;$file&quot;"/>
					<Clean command="/bin/gmake -j2 -f &quot;/home/jelen/Desktop/nemea-supervisor/test/Makefile&quot;  VERBOSE=1 clean"/>
					<DistClean command="/bin/gmake -j2 -f &quot;/home/jelen/Desktop/nemea-supervisor/test/Makefile&quot;  VERBOSE=1 clean"/>
				</MakeCommands>
			</Target>
			<Target title="test_conf">
				<Option output="/home/jelen/Desktop/nemea-supervisor/test/test_conf" prefix_auto="0" extension_auto="0"/>
				<Option working_dir="/home/jelen/Desktop/nemea-supervisor/test"/>
				<Option object_output="./"/>
				<Option type="1"/>
				<Option compiler="gcc"/>
				<Compiler>
					<Add directory="/home/jelen/Desktop/nemea-supervisor/test/.."/>
					<Add directory="/usr/lib/gcc/x86_64-redhat-linux/7/../../../../include/c++/7"/>
					<Add directory="/usr/lib/gcc/x86_64-redhat-linux/7/../../../../include/c++/7/x86_64-redhat-linux"/>
					<Add directory="/usr/lib/gcc/x86_64-redhat-linux/7/../../../../include/c++/7/backward"/>
					<Add directory="/usr/lib/gcc/x86_64-redhat-linux/7/include"/>
					<Add directory="/usr/local/include"/>
					<Add directory="/usr/include"/>
				</Compiler>
				<MakeCommands>
					<Build command="/bin/gmake -j2 -f &quot;/home/jelen/Desktop/nemea-supervisor/test/Makefile&quot;  VERBOSE=1 test_conf"/>
					<CompileFile command="/bin/gmake -j2 -f &quot;/home/jelen/Desktop/nemea-supervisor/test/Makefile&quot;  VERBOSE=1 &quot;$file&quot;"/>
					<Clean command="/bin/gmake -j2 -f &quot;/home/jelen/Desktop/nemea-supervisor/test/Makefile&quot;  VERBOSE=1 clean"/>
					<DistClean command="/bin/gmake -j2 -f &quot;/home/jelen/Desktop/nemea-supervisor/test/Makefile&quot;  VERBOSE=1 clean"/>
				</MakeCommands>
			</Target>
			<Target title="test_conf/fast">
				<Option output="/home/jelen/Desktop/nemea-supervisor/test/test_conf" prefix_auto="0" extension_auto="0"/>
				<Option working_dir="/home/jelen/Desktop/nemea-supervisor/test"/>
				<Option object_output="./"/>
				<Option type="1"/>
				<Option compiler="gcc"/>
				<Compiler>
					<Add directory="/home/jelen/Desktop/nemea-supervisor/test/.."/>
					<Add directory="/usr/lib/gcc/x86_64-redhat-linux/7/../../../../include/c++/7"/>
					<Add directory="/usr/lib/gcc/x86_64-redhat-linux/7/../../../../include/c++/7/x86_64-redhat-linux"/>
					<Add directory="/usr/lib/gcc/x86_64-redhat-linux/7/../../../../include/c++/7/backward"/>
					<Add directory="/usr/lib/gcc/x86_64-redhat-linux/7/include"/>
					<Add directory="/usr/local/include"/>
					<Add directory="/usr/include"/>
				</Compiler>
				<MakeCommands>
					<Build command="/bin/gmake -j2 -f &quot;/home/jelen/Desktop/nemea-supervisor/test/Makefile&quot;  VERBOSE=1 test_conf/fast"/>
					<CompileFile command="/bin/gmake -j2 -f &quot;/home/jelen/Desktop/nemea-supervisor/test/Makefile&quot;  VERBOSE=1 &quot;$file&quot;"/>
					<Clean command="/bin/gmake -j2 -f &quot;/home/jelen/Desktop/nemea-supervisor/test/Makefile&quot;  VERBOSE=1 clean"/>
					<DistClean command="/bin/gmake -j2 -f &quot;/home/jelen/Desktop/nemea-supervisor/test/Makefile&quot;  VERBOSE=1 clean"/>
				</MakeCommands>
			</Target>
			<Target title="test_module">
				<Option output="/home/jelen/Desktop/nemea-supervisor/test/test_module" prefix_auto="0" extension_auto="0"/>
				<Option working_dir="/home/jelen/Desktop/nemea-supervisor/test"/>
				<Option object_output="./"/>
				<Option type="1"/>
				<Option compiler="gcc"/>
				<Compiler>
					<Add directory="/home/jelen/Desktop/nemea-supervisor/test/.."/>
					<Add directory="/usr/lib/gcc/x86_64-redhat-linux/7/../../../../include/c++/7"/>
					<Add directory="/usr/lib/gcc/x86_64-redhat-linux/7/../../../../include/c++/7/x86_64-redhat-linux"/>
					<Add directory="/usr/lib/gcc/x86_64-redhat-linux/7/../../../../include/c++/7/backward"/>
					<Add directory="/usr/lib/gcc/x86_64-redhat-linux/7/include"/>
					<Add directory="/usr/local/include"/>
					<Add directory="/usr/include"/>
				</Compiler>
				<MakeCommands>
					<Build command="/bin/gmake -j2 -f &quot;/home/jelen/Desktop/nemea-supervisor/test/Makefile&quot;  VERBOSE=1 test_module"/>
					<CompileFile command="/bin/gmake -j2 -f &quot;/home/jelen/Desktop/nemea-supervisor/test/Makefile&quot;  VERBOSE=1 &quot;$file&quot;"/>
					<Clean command="/bin/gmake -j2 -f &quot;/home/jelen/Desktop/nemea-supervisor/test/Makefile&quot;  VERBOSE=1 clean"/>
					<DistClean command="/bin/gmake -j2 -f &quot;/home/jelen/Desktop/nemea-supervisor/test/Makefile&quot;  VERBOSE=1 clean"/>
				</MakeCommands>
			</Target>
			<Target title="test_module/fast">
				<Option output="/home/jelen/Desktop/nemea-supervisor/test/test_module" prefix_auto="0" extension_auto="0"/>
				<Option working_dir="/home/jelen/Desktop/nemea-supervisor/test"/>
				<Option object_output="./"/>
				<Option type="1"/>
				<Option compiler="gcc"/>
				<Compiler>
					<Add directory="/home/jelen/Desktop/nemea-supervisor/test/.."/>
					<Add directory="/usr/lib/gcc/x86_64-redhat-linux/7/../../../../include/c++/7"/>
					<Add directory="/usr/lib/gcc/x86_64-redhat-linux/7/../../../../include/c++/7/x86_64-redhat-linux"/>
					<Add directory="/usr/lib/gcc/x86_64-redhat-linux/7/../../../../include/c++/7/backward"/>
					<Add directory="/usr/lib/gcc/x86_64-redhat-linux/7/include"/>
					<Add directory="/usr/local/include"/>
					<Add directory="/usr/include"/>
				</Compiler>
				<MakeCommands>
					<Build command="/bin/gmake -j2 -f &quot;/home/jelen/Desktop/nemea-supervisor/test/Makefile&quot;  VERBOSE=1 test_module/fast"/>
					<CompileFile command="/bin/gmake -j2 -f &quot;/home/jelen/Desktop/nemea-supervisor/test/Makefile&quot;  VERBOSE=1 &quot;$file&quot;"/>
					<Clean command="/bin/gmake -j2 -f &quot;/home/jelen/Desktop/nemea-supervisor/test/Makefile&quot;  VERBOSE=1 clean"/>
					<DistClean command="/bin/gmake -j2 -f &quot;/home/jelen/Desktop/nemea-supervisor/test/Makefile&quot;  VERBOSE=1 clean"/>
				</MakeCommands>
			</Target>
			<Target title="test_supervisor">
				<Option output="/home/jelen/Desktop/nemea-supervisor/test/test_supervisor" prefix_auto="0" extension_auto="0"/>
				<Option working_dir="/home/jelen/Desktop/nemea-supervisor/test"/>
				<Option object_output="./"/>
				<Option type="1"/>
				<Option compiler="gcc"/>
				<Compiler>
					<Add directory="/home/jelen/Desktop/nemea-supervisor/test/.."/>
					<Add directory="/usr/lib/gcc/x86_64-redhat-linux/7/../../../../include/c++/7"/>
					<Add directory="/usr/lib/gcc/x86_64-redhat-linux/7/../../../../include/c++/7/x86_64-redhat-linux"/>
					<Add directory="/usr/lib/gcc/x86_64-redhat-linux/7/../../../../include/c++/7/backward"/>
					<Add directory="/usr/lib/gcc/x86_64-redhat-linux/7/include"/>
					<Add directory="/usr/local/include"/>
					<Add directory="/usr/include"/>
				</Compiler>
				<MakeCommands>
					<Build command="/bin/gmake -j2 -f &quot;/home/jelen/Desktop/nemea-supervisor/test/Makefile&quot;  VERBOSE=1 test_supervisor"/>
					<CompileFile command="/bin/gmake -j2 -f &quot;/home/jelen/Desktop/nemea-supervisor/test/Makefile&quot;  VERBOSE=1 &quot;$file&quot;"/>
					<Clean command="/bin/gmake -j2 -f &quot;/home/jelen/Desktop/nemea-supervisor/test/Makefile&quot;  VERBOSE=1 clean"/>
					<DistClean command="/bin/gmake -j2 -f &quot;/home/jelen/Desktop/nemea-supervisor/test/Makefile&quot;  VERBOSE=1 clean"/>
				</MakeCommands>
			</Target>
			<Target title="test_supervisor/fast">
				<Option output="/home/jelen/Desktop/nemea-supervisor/test/test_supervisor" prefix_auto="0" extension_auto="0"/>
				<Option working_dir="/home/jelen/Desktop/nemea-supervisor/test"/>
				<Option object_output="./"/>
				<Option type="1"/>
				<Option compiler="gcc"/>
				<Compiler>
					<Add directory="/home/jelen/Desktop/nemea-supervisor/test/.."/>
					<Add directory="/usr/lib/gcc/x86_64-redhat-linux/7/../../../../include/c++/7"/>
					<Add directory="/usr/lib/gcc/x86_64-redhat-linux/7/../../../../include/c++/7/x86_64-redhat-linux"/>
					<Add directory="/usr/lib/gcc/x86_64-redhat-linux/7/../../../../include/c++/7/backward"/>
					<Add directory="/usr/lib/gcc/x86_64-redhat-linux/7/include"/>
					<Add directory="/usr/local/include"/>
					<Add directory="/usr/include"/>
				</Compiler>
				<MakeCommands>
					<Build command="/bin/gmake -j2 -f &quot;/home/jelen/Desktop/nemea-supervisor/test/Makefile&quot;  VERBOSE=1 test_supervisor/fast"/>
					<CompileFile command="/bin/gmake -j2 -f &quot;/home/jelen/Desktop/nemea-supervisor/test/Makefile&quot;  VERBOSE=1 &quot;$file&quot;"/>
					<Clean command="/bin/gmake -j2 -f &quot;/home/jelen/Desktop/nemea-supervisor/test/Makefile&quot;  VERBOSE=1 clean"/>
					<DistClean command="/bin/gmake -j2 -f &quot;/home/jelen/Desktop/nemea-supervisor/test/Makefile&quot;  VERBOSE=1 clean"/>
				</MakeCommands>
			</Target>
			<Target title="run_changes_tests">
				<Option output="/home/jelen/Desktop/nemea-supervisor/test/run_changes_tests" prefix_auto="0" extension_auto="0"/>
				<Option working_dir="/home/jelen/Desktop/nemea-supervisor/test"/>
				<Option object_output="./"/>
				<Option type="1"/>
				<Option compiler="gcc"/>
				<Compiler>
					<Add directory="/home/jelen/Desktop/nemea-supervisor/test/.."/>
					<Add directory="/usr/lib/gcc/x86_64-redhat-linux/7/../../../../include/c++/7"/>
					<Add directory="/usr/lib/gcc/x86_64-redhat-linux/7/../../../../include/c++/7/x86_64-redhat-linux"/>
					<Add directory="/usr/lib/gcc/x86_64-redhat-linux/7/../../../../include/c++/7/backward"/>
					<Add directory="/usr/lib/gcc/x86_64-redhat-linux/7/include"/>
					<Add directory="/usr/local/include"/>
					<Add directory="/usr/include"/>
				</Compiler>
				<MakeCommands>
					<Build command="/bin/gmake -j2 -f &quot;/home/jelen/Desktop/nemea-supervisor/test/Makefile&quot;  VERBOSE=1 run_changes_tests"/>
					<CompileFile command="/bin/gmake -j2 -f &quot;/home/jelen/Desktop/nemea-supervisor/test/Makefile&quot;  VERBOSE=1 &quot;$file&quot;"/>
					<Clean command="/bin/gmake -j2 -f &quot;/home/jelen/Desktop/nemea-supervisor/test/Makefile&quot;  VERBOSE=1 clean"/>
					<DistClean command="/bin/gmake -j2 -f &quot;/home/jelen/Desktop/nemea-supervisor/test/Makefile&quot;  VERBOSE=1 clean"/>
				</MakeCommands>
			</Target>
			<Target title="run_changes_tests/fast">
				<Option output="/home/jelen/Desktop/nemea-supervisor/test/run_changes_tests" prefix_auto="0" extension_auto="0"/>
				<Option working_dir="/home/jelen/Desktop/nemea-supervisor/test"/>
				<Option object_output="./"/>
				<Option type="1"/>
				<Option compiler="gcc"/>
				<Compiler>
					<Add directory="/home/jelen/Desktop/nemea-supervisor/test/.."/>
					<Add directory="/usr/lib/gcc/x86_64-redhat-linux/7/../../../../include/c++/7"/>
					<Add directory="/usr/lib/gcc/x86_64-redhat-linux/7/../../../../include/c++/7/x86_64-redhat-linux"/>
					<Add directory="/usr/lib/gcc/x86_64-redhat-linux/7/../../../../include/c++/7/backward"/>
					<Add directory="/usr/lib/gcc/x86_64-redhat-linux/7/include"/>
					<Add directory="/usr/local/include"/>
					<Add directory="/usr/include"/>
				</Compiler>
				<MakeCommands>
					<Build command="/bin/gmake -j2 -f &quot;/home/jelen/Desktop/nemea-supervisor/test/Makefile&quot;  VERBOSE=1 run_changes_tests/fast"/>
					<CompileFile command="/bin/gmake -j2 -f &quot;/home/jelen/Desktop/nemea-supervisor/test/Makefile&quot;  VERBOSE=1 &quot;$file&quot;"/>
					<Clean command="/bin/gmake -j2 -f &quot;/home/jelen/Desktop/nemea-supervisor/test/Makefile&quot;  VERBOSE=1 clean"/>
					<DistClean command="/bin/gmake -j2 -f &quot;/home/jelen/Desktop/nemea-supervisor/test/Makefile&quot;  VERBOSE=1 clean"/>
				</MakeCommands>
			</Target>
			<Target title="intable_module">
				<Option output="/home/jelen/Desktop/nemea-supervisor/test/intable_module" prefix_auto="0" extension_auto="0"/>
				<Option working_dir="/home/jelen/Desktop/nemea-supervisor/test"/>
				<Option object_output="./"/>
				<Option type="1"/>
				<Option compiler="gcc"/>
				<Compiler>
					<Add directory="/home/jelen/Desktop/nemea-supervisor/test/.."/>
					<Add directory="/usr/lib/gcc/x86_64-redhat-linux/7/../../../../include/c++/7"/>
					<Add directory="/usr/lib/gcc/x86_64-redhat-linux/7/../../../../include/c++/7/x86_64-redhat-linux"/>
					<Add directory="/usr/lib/gcc/x86_64-redhat-linux/7/../../../../include/c++/7/backward"/>
					<Add directory="/usr/lib/gcc/x86_64-redhat-linux/7/include"/>
					<Add directory="/usr/local/include"/>
					<Add directory="/usr/include"/>
				</Compiler>
				<MakeCommands>
					<Build command="/bin/gmake -j2 -f &quot;/home/jelen/Desktop/nemea-supervisor/test/Makefile&quot;  VERBOSE=1 intable_module"/>
					<CompileFile command="/bin/gmake -j2 -f &quot;/home/jelen/Desktop/nemea-supervisor/test/Makefile&quot;  VERBOSE=1 &quot;$file&quot;"/>
					<Clean command="/bin/gmake -j2 -f &quot;/home/jelen/Desktop/nemea-supervisor/test/Makefile&quot;  VERBOSE=1 clean"/>
					<DistClean command="/bin/gmake -j2 -f &quot;/home/jelen/Desktop/nemea-supervisor/test/Makefile&quot;  VERBOSE=1 clean"/>
				</MakeCommands>
			</Target>
			<Target title="intable_module/fast">
				<Option output="/home/jelen/Desktop/nemea-supervisor/test/intable_module" prefix_auto="0" extension_auto="0"/>
				<Option working_dir="/home/jelen/Desktop/nemea-supervisor/test"/>
				<Option object_output="./"/>
				<Option type="1"/>
				<Option compiler="gcc"/>
				<Compiler>
					<Add directory="/home/jelen/Desktop/nemea-supervisor/test/.."/>
					<Add directory="/usr/lib/gcc/x86_64-redhat-linux/7/../../../../include/c++/7"/>
					<Add directory="/usr/lib/gcc/x86_64-redhat-linux/7/../../../../include/c++/7/x86_64-redhat-linux"/>
					<Add directory="/usr/lib/gcc/x86_64-redhat-linux/7/../../../../include/c++/7/backward"/>
					<Add directory="/usr/lib/gcc/x86_64-redhat-linux/7/include"/>
					<Add directory="/usr/local/include"/>
					<Add directory="/usr/include"/>
				</Compiler>
				<MakeCommands>
					<Build command="/bin/gmake -j2 -f &quot;/home/jelen/Desktop/nemea-supervisor/test/Makefile&quot;  VERBOSE=1 intable_module/fast"/>
					<CompileFile command="/bin/gmake -j2 -f &quot;/home/jelen/Desktop/nemea-supervisor/test/Makefile&quot;  VERBOSE=1 &quot;$file&quot;"/>
					<Clean command="/bin/gmake -j2 -f &quot;/home/jelen/Desktop/nemea-supervisor/test/Makefile&quot;  VERBOSE=1 clean"/>
					<DistClean command="/bin/gmake -j2 -f &quot;/home/jelen/Desktop/nemea-supervisor/test/Makefile&quot;  VERBOSE=1 clean"/>
				</MakeCommands>
			</Target>
		</Build>
		<Unit filename="/home/jelen/Desktop/nemea-supervisor/src/conf.c">
			<Option target="nemea-supervisor"/>
			<Option target="stats_tests"/>
			<Option target="test_supervisor"/>
			<Option target="run_changes_tests"/>
		</Unit>
		<Unit filename="/home/jelen/Desktop/nemea-supervisor/src/conf.h">
			<Option target="nemea-supervisor"/>
			<Option target="stats_tests"/>
			<Option target="test_supervisor"/>
			<Option target="run_changes_tests"/>
		</Unit>
		<Unit filename="/home/jelen/Desktop/nemea-supervisor/src/config_types.h">
			<Option target="nemea-supervisor"/>
		</Unit>
		<Unit filename="/home/jelen/Desktop/nemea-supervisor/src/module.c">
			<Option target="nemea-supervisor"/>
			<Option target="stats_tests"/>
			<Option target="test_conf"/>
			<Option target="test_supervisor"/>
			<Option target="run_changes_tests"/>
		</Unit>
		<Unit filename="/home/jelen/Desktop/nemea-supervisor/src/module.h">
			<Option target="nemea-supervisor"/>
			<Option target="stats_tests"/>
			<Option target="test_conf"/>
			<Option target="test_supervisor"/>
			<Option target="run_changes_tests"/>
		</Unit>
		<Unit filename="/home/jelen/Desktop/nemea-supervisor/src/module_control.c">
			<Option target="nemea-supervisor"/>
			<Option target="test_supervisor"/>
			<Option target="run_changes_tests"/>
		</Unit>
		<Unit filename="/home/jelen/Desktop/nemea-supervisor/src/module_control.h">
			<Option target="nemea-supervisor"/>
			<Option target="test_supervisor"/>
			<Option target="run_changes_tests"/>
		</Unit>
		<Unit filename="/home/jelen/Desktop/nemea-supervisor/src/run_changes.c">
			<Option target="nemea-supervisor"/>
			<Option target="test_supervisor"/>
		</Unit>
		<Unit filename="/home/jelen/Desktop/nemea-supervisor/src/run_changes.h">
			<Option target="nemea-supervisor"/>
			<Option target="test_supervisor"/>
		</Unit>
		<Unit filename="/home/jelen/Desktop/nemea-supervisor/src/stats.c">
			<Option target="nemea-supervisor"/>
			<Option target="test_supervisor"/>
		</Unit>
		<Unit filename="/home/jelen/Desktop/nemea-supervisor/src/stats.h">
			<Option target="nemea-supervisor"/>
			<Option target="test_supervisor"/>
		</Unit>
		<Unit filename="/home/jelen/Desktop/nemea-supervisor/src/sup_main.c">
			<Option target="nemea-supervisor"/>
		</Unit>
		<Unit filename="/home/jelen/Desktop/nemea-supervisor/src/supervisor.c">
			<Option target="nemea-supervisor"/>
		</Unit>
		<Unit filename="/home/jelen/Desktop/nemea-supervisor/src/supervisor.h">
			<Option target="nemea-supervisor"/>
		</Unit>
		<Unit filename="/home/jelen/Desktop/nemea-supervisor/src/utils.c">
			<Option target="nemea-supervisor"/>
			<Option target="stats_tests"/>
			<Option target="test_conf"/>
			<Option target="test_module"/>
			<Option target="test_supervisor"/>
			<Option target="run_changes_tests"/>
		</Unit>
		<Unit filename="/home/jelen/Desktop/nemea-supervisor/src/utils.h">
			<Option target="nemea-supervisor"/>
			<Option target="stats_tests"/>
			<Option target="test_conf"/>
			<Option target="test_module"/>
			<Option target="test_supervisor"/>
			<Option target="run_changes_tests"/>
		</Unit>
		<Unit filename="/home/jelen/Desktop/nemea-supervisor/test/intable_module.c">
			<Option target="intable_module"/>
		</Unit>
		<Unit filename="/home/jelen/Desktop/nemea-supervisor/test/run_changes_tests.c">
			<Option target="run_changes_tests"/>
		</Unit>
		<Unit filename="/home/jelen/Desktop/nemea-supervisor/test/stats_tests.c">
			<Option target="stats_tests"/>
		</Unit>
		<Unit filename="/home/jelen/Desktop/nemea-supervisor/test/test_conf.c">
			<Option target="test_conf"/>
		</Unit>
		<Unit filename="/home/jelen/Desktop/nemea-supervisor/test/test_module.c">
			<Option target="test_module"/>
		</Unit>
		<Unit filename="/home/jelen/Desktop/nemea-supervisor/test/test_supervisor.c">
			<Option target="test_supervisor"/>
		</Unit>
		<Unit filename="/home/jelen/Desktop/nemea-supervisor/CMakeLists.txt">
			<Option virtualFolder="CMake Files\"/>
		</Unit>
		<Unit filename="/home/jelen/Desktop/nemea-supervisor/src/CMakeLists.txt">
			<Option virtualFolder="CMake Files\src\"/>
		</Unit>
		<Unit filename="/home/jelen/Desktop/nemea-supervisor/test/CMakeLists.txt">
			<Option virtualFolder="CMake Files\test\"/>
		</Unit>
	</Project>
</CodeBlocks_project_file>
